
Microsoft Visual Studio Solution File, Format Version 12.00
# TcXaeShell Solution File, Format Version 11.00
VisualStudioVersion = 17.7.34302.85
MinimumVisualStudioVersion = 10.0.40219.1
Project("{B1E792BE-AA5F-4E3C-8C82-674BF9C0715B}") = "TwinCAT Project Tank", "TwinCAT Project Tank\TwinCAT Project Tank.tsproj", "{D45A8FE7-694C-4ACB-9496-39DDB956759B}"
EndProject
Global
	GlobalSection(SolutionConfigurationPlatforms) = preSolution
		Debug|TwinCAT OS (ARMV7-A) = Debug|TwinCAT OS (ARMV7-A)
		Debug|TwinCAT OS (ARMV7-M) = Debug|TwinCAT OS (ARMV7-M)
		Debug|TwinCAT OS (ARMV8-A) = Debug|TwinCAT OS (ARMV8-A)
		Debug|TwinCAT OS (x64) = Debug|TwinCAT OS (x64)
		Debug|TwinCAT OS (x64-E) = Debug|TwinCAT OS (x64-E)
		Debug|TwinCAT RT (x64) = Debug|TwinCAT RT (x64)
		Debug|TwinCAT RT (x86) = Debug|TwinCAT RT (x86)
		Release|TwinCAT OS (ARMV7-A) = Release|TwinCAT OS (ARMV7-A)
		Release|TwinCAT OS (ARMV7-M) = Release|TwinCAT OS (ARMV7-M)
		Release|TwinCAT OS (ARMV8-A) = Release|TwinCAT OS (ARMV8-A)
		Release|TwinCAT OS (x64) = Release|TwinCAT OS (x64)
		Release|TwinCAT OS (x64-E) = Release|TwinCAT OS (x64-E)
		Release|TwinCAT RT (x64) = Release|TwinCAT RT (x64)
		Release|TwinCAT RT (x86) = Release|TwinCAT RT (x86)
	EndGlobalSection
	GlobalSection(ProjectConfigurationPlatforms) = postSolution
		{D45A8FE7-694C-4ACB-9496-39DDB956759B}.Debug|TwinCAT OS (ARMV7-A).ActiveCfg = Debug|TwinCAT OS (ARMV7-A)
		{D45A8FE7-694C-4ACB-9496-39DDB956759B}.Debug|TwinCAT OS (ARMV7-A).Build.0 = Debug|TwinCAT OS (ARMV7-A)
		{D45A8FE7-694C-4ACB-9496-39DDB956759B}.Debug|TwinCAT OS (ARMV7-M).ActiveCfg = Debug|TwinCAT OS (ARMV7-M)
		{D45A8FE7-694C-4ACB-9496-39DDB956759B}.Debug|TwinCAT OS (ARMV7-M).Build.0 = Debug|TwinCAT OS (ARMV7-M)
		{D45A8FE7-694C-4ACB-9496-39DDB956759B}.Debug|TwinCAT OS (ARMV8-A).ActiveCfg = Debug|TwinCAT OS (ARMV8-A)
		{D45A8FE7-694C-4ACB-9496-39DDB956759B}.Debug|TwinCAT OS (ARMV8-A).Build.0 = Debug|TwinCAT OS (ARMV8-A)
		{D45A8FE7-694C-4ACB-9496-39DDB956759B}.Debug|TwinCAT OS (x64).ActiveCfg = Debug|TwinCAT OS (x64)
		{D45A8FE7-694C-4ACB-9496-39DDB956759B}.Debug|TwinCAT OS (x64).Build.0 = Debug|TwinCAT OS (x64)
		{D45A8FE7-694C-4ACB-9496-39DDB956759B}.Debug|TwinCAT OS (x64-E).ActiveCfg = Debug|TwinCAT OS (x64-E)
		{D45A8FE7-694C-4ACB-9496-39DDB956759B}.Debug|TwinCAT OS (x64-E).Build.0 = Debug|TwinCAT OS (x64-E)
		{D45A8FE7-694C-4ACB-9496-39DDB956759B}.Debug|TwinCAT RT (x64).ActiveCfg = Debug|TwinCAT RT (x64)
		{D45A8FE7-694C-4ACB-9496-39DDB956759B}.Debug|TwinCAT RT (x64).Build.0 = Debug|TwinCAT RT (x64)
		{D45A8FE7-694C-4ACB-9496-39DDB956759B}.Debug|TwinCAT RT (x86).ActiveCfg = Debug|TwinCAT RT (x86)
		{D45A8FE7-694C-4ACB-9496-39DDB956759B}.Debug|TwinCAT RT (x86).Build.0 = Debug|TwinCAT RT (x86)
		{D45A8FE7-694C-4ACB-9496-39DDB956759B}.Release|TwinCAT OS (ARMV7-A).ActiveCfg = Release|TwinCAT OS (ARMV7-A)
		{D45A8FE7-694C-4ACB-9496-39DDB956759B}.Release|TwinCAT OS (ARMV7-A).Build.0 = Release|TwinCAT OS (ARMV7-A)
		{D45A8FE7-694C-4ACB-9496-39DDB956759B}.Release|TwinCAT OS (ARMV7-M).ActiveCfg = Release|TwinCAT OS (ARMV7-M)
		{D45A8FE7-694C-4ACB-9496-39DDB956759B}.Release|TwinCAT OS (ARMV7-M).Build.0 = Release|TwinCAT OS (ARMV7-M)
		{D45A8FE7-694C-4ACB-9496-39DDB956759B}.Release|TwinCAT OS (ARMV8-A).ActiveCfg = Release|TwinCAT OS (ARMV8-A)
		{D45A8FE7-694C-4ACB-9496-39DDB956759B}.Release|TwinCAT OS (ARMV8-A).Build.0 = Release|TwinCAT OS (ARMV8-A)
		{D45A8FE7-694C-4ACB-9496-39DDB956759B}.Release|TwinCAT OS (x64).ActiveCfg = Release|TwinCAT OS (x64)
		{D45A8FE7-694C-4ACB-9496-39DDB956759B}.Release|TwinCAT OS (x64).Build.0 = Release|TwinCAT OS (x64)
		{D45A8FE7-694C-4ACB-9496-39DDB956759B}.Release|TwinCAT OS (x64-E).ActiveCfg = Release|TwinCAT OS (x64-E)
		{D45A8FE7-694C-4ACB-9496-39DDB956759B}.Release|TwinCAT OS (x64-E).Build.0 = Release|TwinCAT OS (x64-E)
		{D45A8FE7-694C-4ACB-9496-39DDB956759B}.Release|TwinCAT RT (x64).ActiveCfg = Release|TwinCAT RT (x64)
		{D45A8FE7-694C-4ACB-9496-39DDB956759B}.Release|TwinCAT RT (x64).Build.0 = Release|TwinCAT RT (x64)
		{D45A8FE7-694C-4ACB-9496-39DDB956759B}.Release|TwinCAT RT (x86).ActiveCfg = Release|TwinCAT RT (x86)
		{D45A8FE7-694C-4ACB-9496-39DDB956759B}.Release|TwinCAT RT (x86).Build.0 = Release|TwinCAT RT (x86)
		{FE477E90-3BC9-4115-8C13-8D5729903332}.Debug|TwinCAT OS (ARMV7-A).ActiveCfg = Debug|TwinCAT OS (ARMV7-A)
		{FE477E90-3BC9-4115-8C13-8D5729903332}.Debug|TwinCAT OS (ARMV7-A).Build.0 = Debug|TwinCAT OS (ARMV7-A)
		{FE477E90-3BC9-4115-8C13-8D5729903332}.Debug|TwinCAT OS (ARMV7-M).ActiveCfg = Debug|TwinCAT OS (ARMV7-M)
		{FE477E90-3BC9-4115-8C13-8D5729903332}.Debug|TwinCAT OS (ARMV7-M).Build.0 = Debug|TwinCAT OS (ARMV7-M)
		{FE477E90-3BC9-4115-8C13-8D5729903332}.Debug|TwinCAT OS (ARMV8-A).ActiveCfg = Debug|TwinCAT OS (ARMV8-A)
		{FE477E90-3BC9-4115-8C13-8D5729903332}.Debug|TwinCAT OS (ARMV8-A).Build.0 = Debug|TwinCAT OS (ARMV8-A)
		{FE477E90-3BC9-4115-8C13-8D5729903332}.Debug|TwinCAT OS (x64).ActiveCfg = Debug|TwinCAT OS (x64)
		{FE477E90-3BC9-4115-8C13-8D5729903332}.Debug|TwinCAT OS (x64).Build.0 = Debug|TwinCAT OS (x64)
		{FE477E90-3BC9-4115-8C13-8D5729903332}.Debug|TwinCAT OS (x64-E).ActiveCfg = Debug|TwinCAT OS (x64-E)
		{FE477E90-3BC9-4115-8C13-8D5729903332}.Debug|TwinCAT OS (x64-E).Build.0 = Debug|TwinCAT OS (x64-E)
		{FE477E90-3BC9-4115-8C13-8D5729903332}.Debug|TwinCAT RT (x64).ActiveCfg = Debug|TwinCAT RT (x64)
		{FE477E90-3BC9-4115-8C13-8D5729903332}.Debug|TwinCAT RT (x64).Build.0 = Debug|TwinCAT RT (x64)
		{FE477E90-3BC9-4115-8C13-8D5729903332}.Debug|TwinCAT RT (x86).ActiveCfg = Debug|TwinCAT RT (x86)
		{FE477E90-3BC9-4115-8C13-8D5729903332}.Debug|TwinCAT RT (x86).Build.0 = Debug|TwinCAT RT (x86)
		{FE477E90-3BC9-4115-8C13-8D5729903332}.Release|TwinCAT OS (ARMV7-A).ActiveCfg = Release|TwinCAT OS (ARMV7-A)
		{FE477E90-3BC9-4115-8C13-8D5729903332}.Release|TwinCAT OS (ARMV7-A).Build.0 = Release|TwinCAT OS (ARMV7-A)
		{FE477E90-3BC9-4115-8C13-8D5729903332}.Release|TwinCAT OS (ARMV7-M).ActiveCfg = Release|TwinCAT OS (ARMV7-M)
		{FE477E90-3BC9-4115-8C13-8D5729903332}.Release|TwinCAT OS (ARMV7-M).Build.0 = Release|TwinCAT OS (ARMV7-M)
		{FE477E90-3BC9-4115-8C13-8D5729903332}.Release|TwinCAT OS (ARMV8-A).ActiveCfg = Release|TwinCAT OS (ARMV8-A)
		{FE477E90-3BC9-4115-8C13-8D5729903332}.Release|TwinCAT OS (ARMV8-A).Build.0 = Release|TwinCAT OS (ARMV8-A)
		{FE477E90-3BC9-4115-8C13-8D5729903332}.Release|TwinCAT OS (x64).ActiveCfg = Release|TwinCAT OS (x64)
		{FE477E90-3BC9-4115-8C13-8D5729903332}.Release|TwinCAT OS (x64).Build.0 = Release|TwinCAT OS (x64)
		{FE477E90-3BC9-4115-8C13-8D5729903332}.Release|TwinCAT OS (x64-E).ActiveCfg = Release|TwinCAT OS (x64-E)
		{FE477E90-3BC9-4115-8C13-8D5729903332}.Release|TwinCAT OS (x64-E).Build.0 = Release|TwinCAT OS (x64-E)
		{FE477E90-3BC9-4115-8C13-8D5729903332}.Release|TwinCAT RT (x64).ActiveCfg = Release|TwinCAT RT (x64)
		{FE477E90-3BC9-4115-8C13-8D5729903332}.Release|TwinCAT RT (x64).Build.0 = Release|TwinCAT RT (x64)
		{FE477E90-3BC9-4115-8C13-8D5729903332}.Release|TwinCAT RT (x86).ActiveCfg = Release|TwinCAT RT (x86)
		{FE477E90-3BC9-4115-8C13-8D5729903332}.Release|TwinCAT RT (x86).Build.0 = Release|TwinCAT RT (x86)
		{6FF844F5-6BA6-4483-836F-BDAD3CA4DD9F}.Debug|TwinCAT OS (ARMV7-A).ActiveCfg = Debug|TwinCAT OS (ARMV7-A)
		{6FF844F5-6BA6-4483-836F-BDAD3CA4DD9F}.Debug|TwinCAT OS (ARMV7-A).Build.0 = Debug|TwinCAT OS (ARMV7-A)
		{6FF844F5-6BA6-4483-836F-BDAD3CA4DD9F}.Debug|TwinCAT OS (ARMV7-M).ActiveCfg = Debug|TwinCAT OS (ARMV7-M)
		{6FF844F5-6BA6-4483-836F-BDAD3CA4DD9F}.Debug|TwinCAT OS (ARMV7-M).Build.0 = Debug|TwinCAT OS (ARMV7-M)
		{6FF844F5-6BA6-4483-836F-BDAD3CA4DD9F}.Debug|TwinCAT OS (ARMV8-A).ActiveCfg = Debug|TwinCAT OS (ARMV8-A)
		{6FF844F5-6BA6-4483-836F-BDAD3CA4DD9F}.Debug|TwinCAT OS (ARMV8-A).Build.0 = Debug|TwinCAT OS (ARMV8-A)
		{6FF844F5-6BA6-4483-836F-BDAD3CA4DD9F}.Debug|TwinCAT OS (x64).ActiveCfg = Debug|TwinCAT OS (x64)
		{6FF844F5-6BA6-4483-836F-BDAD3CA4DD9F}.Debug|TwinCAT OS (x64).Build.0 = Debug|TwinCAT OS (x64)
		{6FF844F5-6BA6-4483-836F-BDAD3CA4DD9F}.Debug|TwinCAT OS (x64-E).ActiveCfg = Debug|TwinCAT OS (x64-E)
		{6FF844F5-6BA6-4483-836F-BDAD3CA4DD9F}.Debug|TwinCAT OS (x64-E).Build.0 = Debug|TwinCAT OS (x64-E)
		{6FF844F5-6BA6-4483-836F-BDAD3CA4DD9F}.Debug|TwinCAT RT (x64).ActiveCfg = Debug|TwinCAT RT (x64)
		{6FF844F5-6BA6-4483-836F-BDAD3CA4DD9F}.Debug|TwinCAT RT (x64).Build.0 = Debug|TwinCAT RT (x64)
		{6FF844F5-6BA6-4483-836F-BDAD3CA4DD9F}.Debug|TwinCAT RT (x86).ActiveCfg = Debug|TwinCAT RT (x86)
		{6FF844F5-6BA6-4483-836F-BDAD3CA4DD9F}.Debug|TwinCAT RT (x86).Build.0 = Debug|TwinCAT RT (x86)
		{6FF844F5-6BA6-4483-836F-BDAD3CA4DD9F}.Release|TwinCAT OS (ARMV7-A).ActiveCfg = Release|TwinCAT OS (ARMV7-A)
		{6FF844F5-6BA6-4483-836F-BDAD3CA4DD9F}.Release|TwinCAT OS (ARMV7-A).Build.0 = Release|TwinCAT OS (ARMV7-A)
		{6FF844F5-6BA6-4483-836F-BDAD3CA4DD9F}.Release|TwinCAT OS (ARMV7-M).ActiveCfg = Release|TwinCAT OS (ARMV7-M)
		{6FF844F5-6BA6-4483-836F-BDAD3CA4DD9F}.Release|TwinCAT OS (ARMV7-M).Build.0 = Release|TwinCAT OS (ARMV7-M)
		{6FF844F5-6BA6-4483-836F-BDAD3CA4DD9F}.Release|TwinCAT OS (ARMV8-A).ActiveCfg = Release|TwinCAT OS (ARMV8-A)
		{6FF844F5-6BA6-4483-836F-BDAD3CA4DD9F}.Release|TwinCAT OS (ARMV8-A).Build.0 = Release|TwinCAT OS (ARMV8-A)
		{6FF844F5-6BA6-4483-836F-BDAD3CA4DD9F}.Release|TwinCAT OS (x64).ActiveCfg = Release|TwinCAT OS (x64)
		{6FF844F5-6BA6-4483-836F-BDAD3CA4DD9F}.Release|TwinCAT OS (x64).Build.0 = Release|TwinCAT OS (x64)
		{6FF844F5-6BA6-4483-836F-BDAD3CA4DD9F}.Release|TwinCAT OS (x64-E).ActiveCfg = Release|TwinCAT OS (x64-E)
		{6FF844F5-6BA6-4483-836F-BDAD3CA4DD9F}.Release|TwinCAT OS (x64-E).Build.0 = Release|TwinCAT OS (x64-E)
		{6FF844F5-6BA6-4483-836F-BDAD3CA4DD9F}.Release|TwinCAT RT (x64).ActiveCfg = Release|TwinCAT RT (x64)
		{6FF844F5-6BA6-4483-836F-BDAD3CA4DD9F}.Release|TwinCAT RT (x64).Build.0 = Release|TwinCAT RT (x64)
		{6FF844F5-6BA6-4483-836F-BDAD3CA4DD9F}.Release|TwinCAT RT (x86).ActiveCfg = Release|TwinCAT RT (x86)
		{6FF844F5-6BA6-4483-836F-BDAD3CA4DD9F}.Release|TwinCAT RT (x86).Build.0 = Release|TwinCAT RT (x86)
	EndGlobalSection
	GlobalSection(SolutionProperties) = preSolution
		HideSolutionNode = FALSE
	EndGlobalSection
	GlobalSection(ExtensibilityGlobals) = postSolution
		SolutionGuid = {44B0D05A-665E-4556-9BB0-18FA2CD73799}
	EndGlobalSection
EndGlobal
